
Microsoft Visual Studio Solution File, Format Version 12.00
# Visual Studio Version 16
VisualStudioVersion = 16.0.31321.278
MinimumVisualStudioVersion = 10.0.40219.1
Project("{FAE04EC0-301F-11D3-BF4B-00C04F79EFBC}") = "CharityDatabase", "CharityDatabase\CharityDatabase.csproj", "{C54F00A6-AE50-40E8-8D9A-7837B7493998}"
EndProject
Global
	GlobalSection(SolutionConfigurationPlatforms) = preSolution
		Debug|Any CPU = Debug|Any CPU
		Release|Any CPU = Release|Any CPU
	EndGlobalSection
	GlobalSection(ProjectConfigurationPlatforms) = postSolution
		{C54F00A6-AE50-40E8-8D9A-7837B7493998}.Debug|Any CPU.ActiveCfg = Debug|Any CPU
		{C54F00A6-AE50-40E8-8D9A-7837B7493998}.Debug|Any CPU.Build.0 = Debug|Any CPU
		{C54F00A6-AE50-40E8-8D9A-7837B7493998}.Release|Any CPU.ActiveCfg = Release|Any CPU
		{C54F00A6-AE50-40E8-8D9A-7837B7493998}.Release|Any CPU.Build.0 = Release|Any CPU
	EndGlobalSection
	GlobalSection(SolutionProperties) = preSolution
		HideSolutionNode = FALSE
	EndGlobalSection
	GlobalSection(ExtensibilityGlobals) = postSolution
		SolutionGuid = {B64B7F33-70FA-4F43-A106-5B07C52BA6E9}
	EndGlobalSection
EndGlobal
